
Microsoft Visual Studio Solution File, Format Version 12.00
# Visual Studio 15
VisualStudioVersion = 15.0.27703.2035
MinimumVisualStudioVersion = 10.0.40219.1
Project("{FAE04EC0-301F-11D3-BF4B-00C04F79EFBC}") = "Gratis.Domain", "Gratis.Domain\Gratis.Domain.csproj", "{402D6217-32FF-4E0C-B344-B800F26D43BF}"
EndProject
Global
	GlobalSection(SolutionConfigurationPlatforms) = preSolution
		Debug|Any CPU = Debug|Any CPU
		Release|Any CPU = Release|Any CPU
	EndGlobalSection
	GlobalSection(ProjectConfigurationPlatforms) = postSolution
		{402D6217-32FF-4E0C-B344-B800F26D43BF}.Debug|Any CPU.ActiveCfg = Debug|Any CPU
		{402D6217-32FF-4E0C-B344-B800F26D43BF}.Debug|Any CPU.Build.0 = Debug|Any CPU
		{402D6217-32FF-4E0C-B344-B800F26D43BF}.Release|Any CPU.ActiveCfg = Release|Any CPU
		{402D6217-32FF-4E0C-B344-B800F26D43BF}.Release|Any CPU.Build.0 = Release|Any CPU
	EndGlobalSection
	GlobalSection(SolutionProperties) = preSolution
		HideSolutionNode = FALSE
	EndGlobalSection
	GlobalSection(ExtensibilityGlobals) = postSolution
		SolutionGuid = {04B4CC06-56A0-4E35-8984-0E97FF495826}
	EndGlobalSection
EndGlobal
